Microsoft Visual Studio Solution File, Format Version 12.00
# Visual Studio Version 17
VisualStudioVersion = 17.5.2.0
MinimumVisualStudioVersion = 10.0.40219.1
Project("{FAE04EC0-301F-11D3-BF4B-00C04F79EFBC}") = "SecureBrowserPrep", "SecureBrowserPrep.csproj", "{78088CB6-9216-F24B-D607-5C949870C859}"
EndProject
Global
	GlobalSection(SolutionConfigurationPlatforms) = preSolution
		Debug|Any CPU = Debug|Any CPU
		Release|Any CPU = Release|Any CPU
	EndGlobalSection
	GlobalSection(ProjectConfigurationPlatforms) = postSolution
		{78088CB6-9216-F24B-D607-5C949870C859}.Debug|Any CPU.ActiveCfg = Debug|Any CPU
		{78088CB6-9216-F24B-D607-5C949870C859}.Debug|Any CPU.Build.0 = Debug|Any CPU
		{78088CB6-9216-F24B-D607-5C949870C859}.Release|Any CPU.ActiveCfg = Release|Any CPU
		{78088CB6-9216-F24B-D607-5C949870C859}.Release|Any CPU.Build.0 = Release|Any CPU
		{03ADD759-E838-49FD-3A34-B365C1EA0A01}.Debug|Any CPU.ActiveCfg = Debug|Any CPU
		{03ADD759-E838-49FD-3A34-B365C1EA0A01}.Debug|Any CPU.Build.0 = Debug|Any CPU
		{03ADD759-E838-49FD-3A34-B365C1EA0A01}.Release|Any CPU.ActiveCfg = Release|Any CPU
		{03ADD759-E838-49FD-3A34-B365C1EA0A01}.Release|Any CPU.Build.0 = Release|Any CPU
	EndGlobalSection
	GlobalSection(SolutionProperties) = preSolution
		HideSolutionNode = FALSE
	EndGlobalSection
	GlobalSection(ExtensibilityGlobals) = postSolution
		SolutionGuid = {D1A139C2-C900-4147-B250-FC437ECDF0C6}
	EndGlobalSection
EndGlobal
